
Microsoft Visual Studio Solution File, Format Version 12.00
# Visual Studio Version 17
VisualStudioVersion = 17.14.36212.18 d17.14
MinimumVisualStudioVersion = 10.0.40219.1
Project("{FAE04EC0-301F-11D3-BF4B-00C04F79EFBC}") = "Microsoft.ILP.Web", "Microsoft.ILP.Web\Microsoft.ILP.Web.csproj", "{99F8684B-A69E-4A6B-8708-BA2A3C2F793E}"
EndProject
Project("{2150E333-8FDC-42A3-9474-1A3956D46DE8}") = "UI", "UI", "{02EA681E-C7D8-13C7-8484-4AC65E1B71E8}"
EndProject
Project("{2150E333-8FDC-42A3-9474-1A3956D46DE8}") = "Services", "Services", "{B5302557-BAE4-41F0-A344-226782B5DFE3}"
EndProject
Project("{FAE04EC0-301F-11D3-BF4B-00C04F79EFBC}") = "Microsoft.ILP.UserService", "Microsoft.ILP.UserService\Microsoft.ILP.UserService.csproj", "{57606427-476E-4677-8905-4AE2C5B253CD}"
EndProject
Project("{2150E333-8FDC-42A3-9474-1A3956D46DE8}") = "Users", "Users", "{00EF23BF-E3E6-4126-BD66-454744E1D836}"
EndProject
Project("{2150E333-8FDC-42A3-9474-1A3956D46DE8}") = "Products", "Products", "{E80553C3-0612-4103-A497-5E47F7A06BCE}"
EndProject
Project("{2150E333-8FDC-42A3-9474-1A3956D46DE8}") = "Orders", "Orders", "{FE259AAA-FC9C-4456-A7C5-AFD98987783E}"
EndProject
Project("{FAE04EC0-301F-11D3-BF4B-00C04F79EFBC}") = "Microsoft.ILP.ProductService", "Microsoft.ILP.ProductService\Microsoft.ILP.ProductService.csproj", "{CF1B2ABE-1037-4C24-9D97-48E439799E9E}"
EndProject
Project("{FAE04EC0-301F-11D3-BF4B-00C04F79EFBC}") = "Microsoft.ILP.OrderService", "Microsoft.ILP.OrderService\Microsoft.ILP.OrderService.csproj", "{52CCDC5F-D9B6-4B08-93BD-973F8D9E86DA}"
EndProject
Project("{FAE04EC0-301F-11D3-BF4B-00C04F79EFBC}") = "Microsoft.ILP.UserBusiness", "Microsoft.ILP.UserBusiness\Microsoft.ILP.UserBusiness.csproj", "{634ED661-A74A-4E87-B894-1B47060F34DE}"
EndProject
Project("{FAE04EC0-301F-11D3-BF4B-00C04F79EFBC}") = "Microsoft.ILP.UserRepository", "Microsoft.ILP.UserRepository\Microsoft.ILP.UserRepository.csproj", "{293CC4E2-9721-457A-B38D-B52E698DEC1F}"
EndProject
Project("{2150E333-8FDC-42A3-9474-1A3956D46DE8}") = "UserData", "UserData", "{B8399D4B-9301-4881-8D0B-F5C1CA166D64}"
	ProjectSection(SolutionItems) = preProject
		users.json = users.json
	EndProjectSection
EndProject
Project("{FAE04EC0-301F-11D3-BF4B-00C04F79EFBC}") = "Microsoft.ILP.ProductBusiness", "Microsoft.ILP.ProductBusiness\Microsoft.ILP.ProductBusiness.csproj", "{572EB5ED-FCE0-4C95-8E46-369D116BF931}"
EndProject
Project("{FAE04EC0-301F-11D3-BF4B-00C04F79EFBC}") = "Microsoft.ILP.ProductRepository", "Microsoft.ILP.ProductRepository\Microsoft.ILP.ProductRepository.csproj", "{D6735A27-2CDE-4AB6-B912-322E0A28B193}"
EndProject
Project("{2150E333-8FDC-42A3-9474-1A3956D46DE8}") = "ProductData", "ProductData", "{35F5A54A-FAB9-4E9A-8165-1AFEAA79FBB3}"
	ProjectSection(SolutionItems) = preProject
		products.json = products.json
	EndProjectSection
EndProject
Project("{FAE04EC0-301F-11D3-BF4B-00C04F79EFBC}") = "Microsoft.ILP.OrderBusiness", "Microsoft.ILP.OrderBusiness\Microsoft.ILP.OrderBusiness.csproj", "{AF882A7B-0701-4271-B232-6D28892F1147}"
EndProject
Project("{FAE04EC0-301F-11D3-BF4B-00C04F79EFBC}") = "Microsoft.ILP.OrderRepository", "Microsoft.ILP.OrderRepository\Microsoft.ILP.OrderRepository.csproj", "{2782BDD6-3BC6-44E0-A17F-00C38DAF7E03}"
EndProject
Project("{2150E333-8FDC-42A3-9474-1A3956D46DE8}") = "OrderData", "OrderData", "{2158EAE7-6C0C-44E3-B8F9-B41D971423D6}"
	ProjectSection(SolutionItems) = preProject
		orders.json = orders.json
	EndProjectSection
EndProject
Global
	GlobalSection(SolutionConfigurationPlatforms) = preSolution
		Debug|Any CPU = Debug|Any CPU
		Release|Any CPU = Release|Any CPU
	EndGlobalSection
	GlobalSection(ProjectConfigurationPlatforms) = postSolution
		{99F8684B-A69E-4A6B-8708-BA2A3C2F793E}.Debug|Any CPU.ActiveCfg = Debug|Any CPU
		{99F8684B-A69E-4A6B-8708-BA2A3C2F793E}.Debug|Any CPU.Build.0 = Debug|Any CPU
		{99F8684B-A69E-4A6B-8708-BA2A3C2F793E}.Release|Any CPU.ActiveCfg = Release|Any CPU
		{99F8684B-A69E-4A6B-8708-BA2A3C2F793E}.Release|Any CPU.Build.0 = Release|Any CPU
		{57606427-476E-4677-8905-4AE2C5B253CD}.Debug|Any CPU.ActiveCfg = Debug|Any CPU
		{57606427-476E-4677-8905-4AE2C5B253CD}.Debug|Any CPU.Build.0 = Debug|Any CPU
		{57606427-476E-4677-8905-4AE2C5B253CD}.Release|Any CPU.ActiveCfg = Release|Any CPU
		{57606427-476E-4677-8905-4AE2C5B253CD}.Release|Any CPU.Build.0 = Release|Any CPU
		{CF1B2ABE-1037-4C24-9D97-48E439799E9E}.Debug|Any CPU.ActiveCfg = Debug|Any CPU
		{CF1B2ABE-1037-4C24-9D97-48E439799E9E}.Debug|Any CPU.Build.0 = Debug|Any CPU
		{CF1B2ABE-1037-4C24-9D97-48E439799E9E}.Release|Any CPU.ActiveCfg = Release|Any CPU
		{CF1B2ABE-1037-4C24-9D97-48E439799E9E}.Release|Any CPU.Build.0 = Release|Any CPU
		{52CCDC5F-D9B6-4B08-93BD-973F8D9E86DA}.Debug|Any CPU.ActiveCfg = Debug|Any CPU
		{52CCDC5F-D9B6-4B08-93BD-973F8D9E86DA}.Debug|Any CPU.Build.0 = Debug|Any CPU
		{52CCDC5F-D9B6-4B08-93BD-973F8D9E86DA}.Release|Any CPU.ActiveCfg = Release|Any CPU
		{52CCDC5F-D9B6-4B08-93BD-973F8D9E86DA}.Release|Any CPU.Build.0 = Release|Any CPU
		{634ED661-A74A-4E87-B894-1B47060F34DE}.Debug|Any CPU.ActiveCfg = Debug|Any CPU
		{634ED661-A74A-4E87-B894-1B47060F34DE}.Debug|Any CPU.Build.0 = Debug|Any CPU
		{634ED661-A74A-4E87-B894-1B47060F34DE}.Release|Any CPU.ActiveCfg = Release|Any CPU
		{634ED661-A74A-4E87-B894-1B47060F34DE}.Release|Any CPU.Build.0 = Release|Any CPU
		{293CC4E2-9721-457A-B38D-B52E698DEC1F}.Debug|Any CPU.ActiveCfg = Debug|Any CPU
		{293CC4E2-9721-457A-B38D-B52E698DEC1F}.Debug|Any CPU.Build.0 = Debug|Any CPU
		{293CC4E2-9721-457A-B38D-B52E698DEC1F}.Release|Any CPU.ActiveCfg = Release|Any CPU
		{293CC4E2-9721-457A-B38D-B52E698DEC1F}.Release|Any CPU.Build.0 = Release|Any CPU
		{572EB5ED-FCE0-4C95-8E46-369D116BF931}.Debug|Any CPU.ActiveCfg = Debug|Any CPU
		{572EB5ED-FCE0-4C95-8E46-369D116BF931}.Debug|Any CPU.Build.0 = Debug|Any CPU
		{572EB5ED-FCE0-4C95-8E46-369D116BF931}.Release|Any CPU.ActiveCfg = Release|Any CPU
		{572EB5ED-FCE0-4C95-8E46-369D116BF931}.Release|Any CPU.Build.0 = Release|Any CPU
		{D6735A27-2CDE-4AB6-B912-322E0A28B193}.Debug|Any CPU.ActiveCfg = Debug|Any CPU
		{D6735A27-2CDE-4AB6-B912-322E0A28B193}.Debug|Any CPU.Build.0 = Debug|Any CPU
		{D6735A27-2CDE-4AB6-B912-322E0A28B193}.Release|Any CPU.ActiveCfg = Release|Any CPU
		{D6735A27-2CDE-4AB6-B912-322E0A28B193}.Release|Any CPU.Build.0 = Release|Any CPU
		{AF882A7B-0701-4271-B232-6D28892F1147}.Debug|Any CPU.ActiveCfg = Debug|Any CPU
		{AF882A7B-0701-4271-B232-6D28892F1147}.Debug|Any CPU.Build.0 = Debug|Any CPU
		{AF882A7B-0701-4271-B232-6D28892F1147}.Release|Any CPU.ActiveCfg = Release|Any CPU
		{AF882A7B-0701-4271-B232-6D28892F1147}.Release|Any CPU.Build.0 = Release|Any CPU
		{2782BDD6-3BC6-44E0-A17F-00C38DAF7E03}.Debug|Any CPU.ActiveCfg = Debug|Any CPU
		{2782BDD6-3BC6-44E0-A17F-00C38DAF7E03}.Debug|Any CPU.Build.0 = Debug|Any CPU
		{2782BDD6-3BC6-44E0-A17F-00C38DAF7E03}.Release|Any CPU.ActiveCfg = Release|Any CPU
		{2782BDD6-3BC6-44E0-A17F-00C38DAF7E03}.Release|Any CPU.Build.0 = Release|Any CPU
	EndGlobalSection
	GlobalSection(SolutionProperties) = preSolution
		HideSolutionNode = FALSE
	EndGlobalSection
	GlobalSection(NestedProjects) = preSolution
		{99F8684B-A69E-4A6B-8708-BA2A3C2F793E} = {02EA681E-C7D8-13C7-8484-4AC65E1B71E8}
		{57606427-476E-4677-8905-4AE2C5B253CD} = {00EF23BF-E3E6-4126-BD66-454744E1D836}
		{00EF23BF-E3E6-4126-BD66-454744E1D836} = {B5302557-BAE4-41F0-A344-226782B5DFE3}
		{E80553C3-0612-4103-A497-5E47F7A06BCE} = {B5302557-BAE4-41F0-A344-226782B5DFE3}
		{FE259AAA-FC9C-4456-A7C5-AFD98987783E} = {B5302557-BAE4-41F0-A344-226782B5DFE3}
		{CF1B2ABE-1037-4C24-9D97-48E439799E9E} = {E80553C3-0612-4103-A497-5E47F7A06BCE}
		{52CCDC5F-D9B6-4B08-93BD-973F8D9E86DA} = {FE259AAA-FC9C-4456-A7C5-AFD98987783E}
		{634ED661-A74A-4E87-B894-1B47060F34DE} = {00EF23BF-E3E6-4126-BD66-454744E1D836}
		{293CC4E2-9721-457A-B38D-B52E698DEC1F} = {00EF23BF-E3E6-4126-BD66-454744E1D836}
		{B8399D4B-9301-4881-8D0B-F5C1CA166D64} = {00EF23BF-E3E6-4126-BD66-454744E1D836}
		{572EB5ED-FCE0-4C95-8E46-369D116BF931} = {E80553C3-0612-4103-A497-5E47F7A06BCE}
		{D6735A27-2CDE-4AB6-B912-322E0A28B193} = {E80553C3-0612-4103-A497-5E47F7A06BCE}
		{35F5A54A-FAB9-4E9A-8165-1AFEAA79FBB3} = {E80553C3-0612-4103-A497-5E47F7A06BCE}
		{AF882A7B-0701-4271-B232-6D28892F1147} = {FE259AAA-FC9C-4456-A7C5-AFD98987783E}
		{2782BDD6-3BC6-44E0-A17F-00C38DAF7E03} = {FE259AAA-FC9C-4456-A7C5-AFD98987783E}
		{2158EAE7-6C0C-44E3-B8F9-B41D971423D6} = {FE259AAA-FC9C-4456-A7C5-AFD98987783E}
	EndGlobalSection
	GlobalSection(ExtensibilityGlobals) = postSolution
		SolutionGuid = {C2C2D4A6-3080-4978-9B39-060D938D51D3}
	EndGlobalSection
EndGlobal
